
Microsoft Visual Studio Solution File, Format Version 12.00
# Visual Studio Version 17
VisualStudioVersion = 17.1.32210.238
MinimumVisualStudioVersion = 10.0.40219.1
Project("{9A19103F-16F7-4668-BE54-9A1E7A4F7556}") = "RegulatoryCompliance", "RegulatoryCompliance\RegulatoryCompliance.csproj", "{DB25EED2-39A9-4B94-B736-745114F95ADD}"
EndProject
Project("{FAE04EC0-301F-11D3-BF4B-00C04F79EFBC}") = "Common", "Common\Common.csproj", "{0BDDBEBD-D1CA-49B1-ABA6-0EC24EEA748F}"
EndProject
Project("{FAE04EC0-301F-11D3-BF4B-00C04F79EFBC}") = "RuleEngine", "BusinessManager\RuleEngine.csproj", "{283C40E6-E5FC-4B64-8ED8-FBB41EB5E92A}"
EndProject
Global
	GlobalSection(SolutionConfigurationPlatforms) = preSolution
		Debug|Any CPU = Debug|Any CPU
		Release|Any CPU = Release|Any CPU
	EndGlobalSection
	GlobalSection(ProjectConfigurationPlatforms) = postSolution
		{DB25EED2-39A9-4B94-B736-745114F95ADD}.Debug|Any CPU.ActiveCfg = Debug|Any CPU
		{DB25EED2-39A9-4B94-B736-745114F95ADD}.Debug|Any CPU.Build.0 = Debug|Any CPU
		{DB25EED2-39A9-4B94-B736-745114F95ADD}.Release|Any CPU.ActiveCfg = Release|Any CPU
		{DB25EED2-39A9-4B94-B736-745114F95ADD}.Release|Any CPU.Build.0 = Release|Any CPU
		{0BDDBEBD-D1CA-49B1-ABA6-0EC24EEA748F}.Debug|Any CPU.ActiveCfg = Debug|Any CPU
		{0BDDBEBD-D1CA-49B1-ABA6-0EC24EEA748F}.Debug|Any CPU.Build.0 = Debug|Any CPU
		{0BDDBEBD-D1CA-49B1-ABA6-0EC24EEA748F}.Release|Any CPU.ActiveCfg = Release|Any CPU
		{0BDDBEBD-D1CA-49B1-ABA6-0EC24EEA748F}.Release|Any CPU.Build.0 = Release|Any CPU
		{283C40E6-E5FC-4B64-8ED8-FBB41EB5E92A}.Debug|Any CPU.ActiveCfg = Debug|Any CPU
		{283C40E6-E5FC-4B64-8ED8-FBB41EB5E92A}.Debug|Any CPU.Build.0 = Debug|Any CPU
		{283C40E6-E5FC-4B64-8ED8-FBB41EB5E92A}.Release|Any CPU.ActiveCfg = Release|Any CPU
		{283C40E6-E5FC-4B64-8ED8-FBB41EB5E92A}.Release|Any CPU.Build.0 = Release|Any CPU
	EndGlobalSection
	GlobalSection(SolutionProperties) = preSolution
		HideSolutionNode = FALSE
	EndGlobalSection
	GlobalSection(ExtensibilityGlobals) = postSolution
		SolutionGuid = {9EF58119-1D80-4CEC-B2DF-117504BC1958}
	EndGlobalSection
EndGlobal
